
Microsoft Visual Studio Solution File, Format Version 12.00
# Visual Studio Version 17
VisualStudioVersion = 17.2.32630.192
MinimumVisualStudioVersion = 10.0.40219.1
Project("{FAE04EC0-301F-11D3-BF4B-00C04F79EFBC}") = "LibraryClient", "LibraryClient\LibraryClient.csproj", "{0B411827-0A5A-441D-9E99-4AD7A9A92156}"
EndProject
Project("{FAE04EC0-301F-11D3-BF4B-00C04F79EFBC}") = "GeometricShapes", "GeometryShapes\GeometricShapes.csproj", "{D6A3EEF3-6FDA-497B-B955-A1FE58BDF404}"
EndProject
Project("{FAE04EC0-301F-11D3-BF4B-00C04F79EFBC}") = "GeometryShapesUnitTests", "GeometryShapesUnitTests\GeometryShapesUnitTests.csproj", "{2F26B73E-8B4C-4056-8D51-FE68DCCA1F8E}"
EndProject
Project("{2150E333-8FDC-42A3-9474-1A3956D46DE8}") = "Элементы решения", "Элементы решения", "{9F2F62A4-D088-48BA-82C0-708FCB6622E2}"
	ProjectSection(SolutionItems) = preProject
		Case.txt = Case.txt
	EndProjectSection
EndProject
Global
	GlobalSection(SolutionConfigurationPlatforms) = preSolution
		Debug|Any CPU = Debug|Any CPU
		Release|Any CPU = Release|Any CPU
	EndGlobalSection
	GlobalSection(ProjectConfigurationPlatforms) = postSolution
		{0B411827-0A5A-441D-9E99-4AD7A9A92156}.Debug|Any CPU.ActiveCfg = Debug|Any CPU
		{0B411827-0A5A-441D-9E99-4AD7A9A92156}.Debug|Any CPU.Build.0 = Debug|Any CPU
		{0B411827-0A5A-441D-9E99-4AD7A9A92156}.Release|Any CPU.ActiveCfg = Release|Any CPU
		{0B411827-0A5A-441D-9E99-4AD7A9A92156}.Release|Any CPU.Build.0 = Release|Any CPU
		{D6A3EEF3-6FDA-497B-B955-A1FE58BDF404}.Debug|Any CPU.ActiveCfg = Debug|Any CPU
		{D6A3EEF3-6FDA-497B-B955-A1FE58BDF404}.Debug|Any CPU.Build.0 = Debug|Any CPU
		{D6A3EEF3-6FDA-497B-B955-A1FE58BDF404}.Release|Any CPU.ActiveCfg = Release|Any CPU
		{D6A3EEF3-6FDA-497B-B955-A1FE58BDF404}.Release|Any CPU.Build.0 = Release|Any CPU
		{2F26B73E-8B4C-4056-8D51-FE68DCCA1F8E}.Debug|Any CPU.ActiveCfg = Debug|Any CPU
		{2F26B73E-8B4C-4056-8D51-FE68DCCA1F8E}.Debug|Any CPU.Build.0 = Debug|Any CPU
		{2F26B73E-8B4C-4056-8D51-FE68DCCA1F8E}.Release|Any CPU.ActiveCfg = Release|Any CPU
		{2F26B73E-8B4C-4056-8D51-FE68DCCA1F8E}.Release|Any CPU.Build.0 = Release|Any CPU
	EndGlobalSection
	GlobalSection(SolutionProperties) = preSolution
		HideSolutionNode = FALSE
	EndGlobalSection
	GlobalSection(ExtensibilityGlobals) = postSolution
		SolutionGuid = {90F64967-67C2-49DF-B652-3395FA4A2304}
	EndGlobalSection
EndGlobal
